lockfileVersion: '9.0'

settings:
  autoInstallPeers: true
  excludeLinksFromLockfile: false

overrides:
  oracle: link:../oracle
  '@steipete/oracle': link:../oracle

importers:

  .:
    devDependencies:
      chrome-devtools-mcp:
        specifier: 0.23.0
        version: 0.23.0

packages:

  chrome-devtools-mcp@0.23.0:
    resolution: {integrity: sha512-VISjVEzdJGJo5hwMfZsGZTX7uQx6P8t3/pfvG/YR7g6dHS78R5j2WB9RZ2H4omFAEzScYtrNN5laykvGAHWx1g==}
    engines: {node: ^20.19.0 || ^22.12.0 || >=23}
    hasBin: true

snapshots:

  chrome-devtools-mcp@0.23.0: {}
